
Microsoft Visual Studio Solution File, Format Version 12.00
# Visual Studio Version 17
VisualStudioVersion = 17.3.32804.467
MinimumVisualStudioVersion = 10.0.40219.1
Project("{FAE04EC0-301F-11D3-BF4B-00C04F79EFBC}") = "Bertuzzi.MAUI.Helpers", "Bertuzzi.MAUI.Helpers\Bertuzzi.MAUI.Helpers.csproj", "{755F413E-2DB2-43BB-B1CF-DF4869623B54}"
EndProject
Project("{FAE04EC0-301F-11D3-BF4B-00C04F79EFBC}") = "MAUIHelpersSample", "MAUIHelpersSample\MAUIHelpersSample.csproj", "{D4B9B5CC-81E7-4D76-AE4D-DEA0CF2DF2EC}"
EndProject
Global
	GlobalSection(SolutionConfigurationPlatforms) = preSolution
		Debug|Any CPU = Debug|Any CPU
		Release|Any CPU = Release|Any CPU
	EndGlobalSection
	GlobalSection(ProjectConfigurationPlatforms) = postSolution
		{755F413E-2DB2-43BB-B1CF-DF4869623B54}.Debug|Any CPU.ActiveCfg = Debug|Any CPU
		{755F413E-2DB2-43BB-B1CF-DF4869623B54}.Debug|Any CPU.Build.0 = Debug|Any CPU
		{755F413E-2DB2-43BB-B1CF-DF4869623B54}.Release|Any CPU.ActiveCfg = Release|Any CPU
		{755F413E-2DB2-43BB-B1CF-DF4869623B54}.Release|Any CPU.Build.0 = Release|Any CPU
		{D4B9B5CC-81E7-4D76-AE4D-DEA0CF2DF2EC}.Debug|Any CPU.ActiveCfg = Debug|Any CPU
		{D4B9B5CC-81E7-4D76-AE4D-DEA0CF2DF2EC}.Debug|Any CPU.Build.0 = Debug|Any CPU
		{D4B9B5CC-81E7-4D76-AE4D-DEA0CF2DF2EC}.Debug|Any CPU.Deploy.0 = Debug|Any CPU
		{D4B9B5CC-81E7-4D76-AE4D-DEA0CF2DF2EC}.Release|Any CPU.ActiveCfg = Release|Any CPU
		{D4B9B5CC-81E7-4D76-AE4D-DEA0CF2DF2EC}.Release|Any CPU.Build.0 = Release|Any CPU
		{D4B9B5CC-81E7-4D76-AE4D-DEA0CF2DF2EC}.Release|Any CPU.Deploy.0 = Release|Any CPU
	EndGlobalSection
	GlobalSection(SolutionProperties) = preSolution
		HideSolutionNode = FALSE
	EndGlobalSection
	GlobalSection(ExtensibilityGlobals) = postSolution
		SolutionGuid = {0EC01250-AE48-4C35-B8FD-68334636422A}
	EndGlobalSection
EndGlobal
